
Microsoft Visual Studio Solution File, Format Version 12.00
# Visual Studio Version 17
VisualStudioVersion = 17.3.32929.385
MinimumVisualStudioVersion = 10.0.40219.1
Project("{FAE04EC0-301F-11D3-BF4B-00C04F79EFBC}") = "MathematicalPendulum", "MathematicalPendulum.csproj", "{C15AF807-BC9E-49DF-AE8E-B62C4672A813}"
EndProject
Global
	GlobalSection(SolutionConfigurationPlatforms) = preSolution
		Debug|Any CPU = Debug|Any CPU
		Release|Any CPU = Release|Any CPU
	EndGlobalSection
	GlobalSection(ProjectConfigurationPlatforms) = postSolution
		{C15AF807-BC9E-49DF-AE8E-B62C4672A813}.Debug|Any CPU.ActiveCfg = Debug|Any CPU
		{C15AF807-BC9E-49DF-AE8E-B62C4672A813}.Debug|Any CPU.Build.0 = Debug|Any CPU
		{C15AF807-BC9E-49DF-AE8E-B62C4672A813}.Release|Any CPU.ActiveCfg = Release|Any CPU
		{C15AF807-BC9E-49DF-AE8E-B62C4672A813}.Release|Any CPU.Build.0 = Release|Any CPU
	EndGlobalSection
	GlobalSection(SolutionProperties) = preSolution
		HideSolutionNode = FALSE
	EndGlobalSection
	GlobalSection(ExtensibilityGlobals) = postSolution
		SolutionGuid = {ED638B5F-C4C8-4D79-99DC-9CCED61F68D9}
	EndGlobalSection
EndGlobal
